PODS:
  - ASKiwiTest (0.1.0)
  - Kiwi (2.4.0)

DEPENDENCIES:
  - ASKiwiTest (from `../`)
  - Kiwi

EXTERNAL SOURCES:
  ASKiwiTest:
    :path: ../

SPEC CHECKSUMS:
  ASKiwiTest: 2c812371257e2cdb70120cab277e88484f1b9e16
  Kiwi: f49c9d54b28917df5928fe44968a39ed198cb8a8

PODFILE CHECKSUM: 7bccb1e6b12e8361856134f29c2ff274f1cf2692

COCOAPODS: 1.3.1
